
Microsoft Visual Studio Solution File, Format Version 12.00
# Visual Studio Version 17
VisualStudioVersion = 17.12.35506.116
MinimumVisualStudioVersion = 10.0.40219.1
Project("{FAE04EC0-301F-11D3-BF4B-00C04F79EFBC}") = "Day2", "Day2\Day2.csproj", "{812D99CF-4029-41B6-B1D5-69C3CB3EC158}"
EndProject
Project("{FAE04EC0-301F-11D3-BF4B-00C04F79EFBC}") = "Day1_The_Begining", "Day1_The_Begining\Day1_The_Begining.csproj", "{682BF02A-F26E-472B-8279-1FDC405E9A34}"
EndProject
Project("{FAE04EC0-301F-11D3-BF4B-00C04F79EFBC}") = "Day3", "Day3\Day3.csproj", "{6AB47861-8C6F-4BDD-96AE-D9DCE1826A8F}"
EndProject
Project("{FAE04EC0-301F-11D3-BF4B-00C04F79EFBC}") = "Day4", "Day4\Day4.csproj", "{72E27E1D-5DFA-4982-A578-415B45F369F1}"
EndProject
Project("{FAE04EC0-301F-11D3-BF4B-00C04F79EFBC}") = "Day5", "Day5\Day5.csproj", "{FF06D5EE-7B7F-4AEF-8F87-EC1F25A81867}"
EndProject
Project("{FAE04EC0-301F-11D3-BF4B-00C04F79EFBC}") = "Day6", "Day6\Day6.csproj", "{CDD2DCFA-EFA8-46C4-94B2-83C6E06E650D}"
EndProject
Global
	GlobalSection(SolutionConfigurationPlatforms) = preSolution
		Debug|Any CPU = Debug|Any CPU
		Release|Any CPU = Release|Any CPU
	EndGlobalSection
	GlobalSection(ProjectConfigurationPlatforms) = postSolution
		{812D99CF-4029-41B6-B1D5-69C3CB3EC158}.Debug|Any CPU.ActiveCfg = Debug|Any CPU
		{812D99CF-4029-41B6-B1D5-69C3CB3EC158}.Debug|Any CPU.Build.0 = Debug|Any CPU
		{812D99CF-4029-41B6-B1D5-69C3CB3EC158}.Release|Any CPU.ActiveCfg = Release|Any CPU
		{812D99CF-4029-41B6-B1D5-69C3CB3EC158}.Release|Any CPU.Build.0 = Release|Any CPU
		{682BF02A-F26E-472B-8279-1FDC405E9A34}.Debug|Any CPU.ActiveCfg = Debug|Any CPU
		{682BF02A-F26E-472B-8279-1FDC405E9A34}.Debug|Any CPU.Build.0 = Debug|Any CPU
		{682BF02A-F26E-472B-8279-1FDC405E9A34}.Release|Any CPU.ActiveCfg = Release|Any CPU
		{682BF02A-F26E-472B-8279-1FDC405E9A34}.Release|Any CPU.Build.0 = Release|Any CPU
		{6AB47861-8C6F-4BDD-96AE-D9DCE1826A8F}.Debug|Any CPU.ActiveCfg = Debug|Any CPU
		{6AB47861-8C6F-4BDD-96AE-D9DCE1826A8F}.Debug|Any CPU.Build.0 = Debug|Any CPU
		{6AB47861-8C6F-4BDD-96AE-D9DCE1826A8F}.Release|Any CPU.ActiveCfg = Release|Any CPU
		{6AB47861-8C6F-4BDD-96AE-D9DCE1826A8F}.Release|Any CPU.Build.0 = Release|Any CPU
		{72E27E1D-5DFA-4982-A578-415B45F369F1}.Debug|Any CPU.ActiveCfg = Debug|Any CPU
		{72E27E1D-5DFA-4982-A578-415B45F369F1}.Debug|Any CPU.Build.0 = Debug|Any CPU
		{72E27E1D-5DFA-4982-A578-415B45F369F1}.Release|Any CPU.ActiveCfg = Release|Any CPU
		{72E27E1D-5DFA-4982-A578-415B45F369F1}.Release|Any CPU.Build.0 = Release|Any CPU
		{FF06D5EE-7B7F-4AEF-8F87-EC1F25A81867}.Debug|Any CPU.ActiveCfg = Debug|Any CPU
		{FF06D5EE-7B7F-4AEF-8F87-EC1F25A81867}.Debug|Any CPU.Build.0 = Debug|Any CPU
		{FF06D5EE-7B7F-4AEF-8F87-EC1F25A81867}.Release|Any CPU.ActiveCfg = Release|Any CPU
		{FF06D5EE-7B7F-4AEF-8F87-EC1F25A81867}.Release|Any CPU.Build.0 = Release|Any CPU
		{CDD2DCFA-EFA8-46C4-94B2-83C6E06E650D}.Debug|Any CPU.ActiveCfg = Debug|Any CPU
		{CDD2DCFA-EFA8-46C4-94B2-83C6E06E650D}.Debug|Any CPU.Build.0 = Debug|Any CPU
		{CDD2DCFA-EFA8-46C4-94B2-83C6E06E650D}.Release|Any CPU.ActiveCfg = Release|Any CPU
		{CDD2DCFA-EFA8-46C4-94B2-83C6E06E650D}.Release|Any CPU.Build.0 = Release|Any CPU
	EndGlobalSection
	GlobalSection(SolutionProperties) = preSolution
		HideSolutionNode = FALSE
	EndGlobalSection
EndGlobal
